
Microsoft Visual Studio Solution File, Format Version 12.00
# Visual Studio 14
VisualStudioVersion = 14.0.25420.1
MinimumVisualStudioVersion = 10.0.40219.1
Project("{FAE04EC0-301F-11D3-BF4B-00C04F79EFBC}") = "Client_congtrong", "Client_congtrong\Client_congtrong.csproj", "{0D378E18-050D-40EE-8A5F-701ECF41FC52}"
EndProject
Project("{FAE04EC0-301F-11D3-BF4B-00C04F79EFBC}") = "Server_congtrong", "Server_congtrong\Server_congtrong.csproj", "{5CC49148-2AE9-40B6-B60E-6A43C42FF5C4}"
EndProject
Global
	GlobalSection(SolutionConfigurationPlatforms) = preSolution
		Debug|Any CPU = Debug|Any CPU
		Release|Any CPU = Release|Any CPU
	EndGlobalSection
	GlobalSection(ProjectConfigurationPlatforms) = postSolution
		{0D378E18-050D-40EE-8A5F-701ECF41FC52}.Debug|Any CPU.ActiveCfg = Debug|Any CPU
		{0D378E18-050D-40EE-8A5F-701ECF41FC52}.Debug|Any CPU.Build.0 = Debug|Any CPU
		{0D378E18-050D-40EE-8A5F-701ECF41FC52}.Release|Any CPU.ActiveCfg = Release|Any CPU
		{0D378E18-050D-40EE-8A5F-701ECF41FC52}.Release|Any CPU.Build.0 = Release|Any CPU
		{5CC49148-2AE9-40B6-B60E-6A43C42FF5C4}.Debug|Any CPU.ActiveCfg = Debug|Any CPU
		{5CC49148-2AE9-40B6-B60E-6A43C42FF5C4}.Debug|Any CPU.Build.0 = Debug|Any CPU
		{5CC49148-2AE9-40B6-B60E-6A43C42FF5C4}.Release|Any CPU.ActiveCfg = Release|Any CPU
		{5CC49148-2AE9-40B6-B60E-6A43C42FF5C4}.Release|Any CPU.Build.0 = Release|Any CPU
	EndGlobalSection
	GlobalSection(SolutionProperties) = preSolution
		HideSolutionNode = FALSE
	EndGlobalSection
EndGlobal
